
Microsoft Visual Studio Solution File, Format Version 12.00
# Visual Studio Version 17
VisualStudioVersion = 17.4.33205.214
MinimumVisualStudioVersion = 10.0.40219.1
Project("{FAE04EC0-301F-11D3-BF4B-00C04F79EFBC}") = "LinqSyntex", "LinqSyntex\LinqSyntex.csproj", "{6A821A35-D0E0-4E67-9947-DB531FACF82C}"
EndProject
Global
	GlobalSection(SolutionConfigurationPlatforms) = preSolution
		Debug|Any CPU = Debug|Any CPU
		Release|Any CPU = Release|Any CPU
	EndGlobalSection
	GlobalSection(ProjectConfigurationPlatforms) = postSolution
		{6A821A35-D0E0-4E67-9947-DB531FACF82C}.Debug|Any CPU.ActiveCfg = Debug|Any CPU
		{6A821A35-D0E0-4E67-9947-DB531FACF82C}.Debug|Any CPU.Build.0 = Debug|Any CPU
		{6A821A35-D0E0-4E67-9947-DB531FACF82C}.Release|Any CPU.ActiveCfg = Release|Any CPU
		{6A821A35-D0E0-4E67-9947-DB531FACF82C}.Release|Any CPU.Build.0 = Release|Any CPU
	EndGlobalSection
	GlobalSection(SolutionProperties) = preSolution
		HideSolutionNode = FALSE
	EndGlobalSection
	GlobalSection(ExtensibilityGlobals) = postSolution
		SolutionGuid = {91B49D06-8901-425F-935D-443B3F264E19}
	EndGlobalSection
EndGlobal
