
Microsoft Visual Studio Solution File, Format Version 12.00
# Visual Studio Version 17
VisualStudioVersion = 17.4.33205.214
MinimumVisualStudioVersion = 10.0.40219.1
Project("{FAE04EC0-301F-11D3-BF4B-00C04F79EFBC}") = "RestrictionOperators", "RestrictionOperators\RestrictionOperators.csproj", "{3CEA1175-06A2-42EF-B899-DB25691C0EF6}"
EndProject
Global
	GlobalSection(SolutionConfigurationPlatforms) = preSolution
		Debug|Any CPU = Debug|Any CPU
		Release|Any CPU = Release|Any CPU
	EndGlobalSection
	GlobalSection(ProjectConfigurationPlatforms) = postSolution
		{3CEA1175-06A2-42EF-B899-DB25691C0EF6}.Debug|Any CPU.ActiveCfg = Debug|Any CPU
		{3CEA1175-06A2-42EF-B899-DB25691C0EF6}.Debug|Any CPU.Build.0 = Debug|Any CPU
		{3CEA1175-06A2-42EF-B899-DB25691C0EF6}.Release|Any CPU.ActiveCfg = Release|Any CPU
		{3CEA1175-06A2-42EF-B899-DB25691C0EF6}.Release|Any CPU.Build.0 = Release|Any CPU
	EndGlobalSection
	GlobalSection(SolutionProperties) = preSolution
		HideSolutionNode = FALSE
	EndGlobalSection
	GlobalSection(ExtensibilityGlobals) = postSolution
		SolutionGuid = {D9B1D57E-FEF1-438C-950C-89A02DF13170}
	EndGlobalSection
EndGlobal
