
Microsoft Visual Studio Solution File, Format Version 12.00
# Visual Studio Version 17
VisualStudioVersion = 17.4.33205.214
MinimumVisualStudioVersion = 10.0.40219.1
Project("{9A19103F-16F7-4668-BE54-9A1E7A4F7556}") = "LinqOperater", "LinqOperater\LinqOperater.csproj", "{E1EBC98F-4FB1-4D8A-ADE4-A3BA9AFEA460}"
EndProject
Project("{9A19103F-16F7-4668-BE54-9A1E7A4F7556}") = "OFType", "OFType\OFType.csproj", "{1FF62521-54F8-4F48-991B-55BBD4F4E4A3}"
EndProject
Project("{9A19103F-16F7-4668-BE54-9A1E7A4F7556}") = "Selectmany", "Selectmany\Selectmany.csproj", "{45DFBBCE-1E69-4DF2-AD2A-A923AE589512}"
EndProject
Project("{FAE04EC0-301F-11D3-BF4B-00C04F79EFBC}") = "Orderby", "Orderby\Orderby.csproj", "{4BDAA4A9-3778-4D8B-8AF9-E84293B4F3A1}"
EndProject
Project("{FAE04EC0-301F-11D3-BF4B-00C04F79EFBC}") = "PatitionOperator", "PatitionOperator\PatitionOperator.csproj", "{9120B52F-8AC5-461E-8CA6-3D2005E78425}"
EndProject
Global
	GlobalSection(SolutionConfigurationPlatforms) = preSolution
		Debug|Any CPU = Debug|Any CPU
		Release|Any CPU = Release|Any CPU
	EndGlobalSection
	GlobalSection(ProjectConfigurationPlatforms) = postSolution
		{E1EBC98F-4FB1-4D8A-ADE4-A3BA9AFEA460}.Debug|Any CPU.ActiveCfg = Debug|Any CPU
		{E1EBC98F-4FB1-4D8A-ADE4-A3BA9AFEA460}.Debug|Any CPU.Build.0 = Debug|Any CPU
		{E1EBC98F-4FB1-4D8A-ADE4-A3BA9AFEA460}.Release|Any CPU.ActiveCfg = Release|Any CPU
		{E1EBC98F-4FB1-4D8A-ADE4-A3BA9AFEA460}.Release|Any CPU.Build.0 = Release|Any CPU
		{1FF62521-54F8-4F48-991B-55BBD4F4E4A3}.Debug|Any CPU.ActiveCfg = Debug|Any CPU
		{1FF62521-54F8-4F48-991B-55BBD4F4E4A3}.Debug|Any CPU.Build.0 = Debug|Any CPU
		{1FF62521-54F8-4F48-991B-55BBD4F4E4A3}.Release|Any CPU.ActiveCfg = Release|Any CPU
		{1FF62521-54F8-4F48-991B-55BBD4F4E4A3}.Release|Any CPU.Build.0 = Release|Any CPU
		{45DFBBCE-1E69-4DF2-AD2A-A923AE589512}.Debug|Any CPU.ActiveCfg = Debug|Any CPU
		{45DFBBCE-1E69-4DF2-AD2A-A923AE589512}.Debug|Any CPU.Build.0 = Debug|Any CPU
		{45DFBBCE-1E69-4DF2-AD2A-A923AE589512}.Release|Any CPU.ActiveCfg = Release|Any CPU
		{45DFBBCE-1E69-4DF2-AD2A-A923AE589512}.Release|Any CPU.Build.0 = Release|Any CPU
		{4BDAA4A9-3778-4D8B-8AF9-E84293B4F3A1}.Debug|Any CPU.ActiveCfg = Debug|Any CPU
		{4BDAA4A9-3778-4D8B-8AF9-E84293B4F3A1}.Debug|Any CPU.Build.0 = Debug|Any CPU
		{4BDAA4A9-3778-4D8B-8AF9-E84293B4F3A1}.Release|Any CPU.ActiveCfg = Release|Any CPU
		{4BDAA4A9-3778-4D8B-8AF9-E84293B4F3A1}.Release|Any CPU.Build.0 = Release|Any CPU
		{9120B52F-8AC5-461E-8CA6-3D2005E78425}.Debug|Any CPU.ActiveCfg = Debug|Any CPU
		{9120B52F-8AC5-461E-8CA6-3D2005E78425}.Debug|Any CPU.Build.0 = Debug|Any CPU
		{9120B52F-8AC5-461E-8CA6-3D2005E78425}.Release|Any CPU.ActiveCfg = Release|Any CPU
		{9120B52F-8AC5-461E-8CA6-3D2005E78425}.Release|Any CPU.Build.0 = Release|Any CPU
	EndGlobalSection
	GlobalSection(SolutionProperties) = preSolution
		HideSolutionNode = FALSE
	EndGlobalSection
	GlobalSection(ExtensibilityGlobals) = postSolution
		SolutionGuid = {98EB5D5F-43DE-41CC-A38E-6E48B8D5E547}
	EndGlobalSection
EndGlobal
